
Microsoft Visual Studio Solution File, Format Version 12.00
# Visual Studio Version 17
VisualStudioVersion = 17.7.34221.43
MinimumVisualStudioVersion = 10.0.40219.1
Project("{FAE04EC0-301F-11D3-BF4B-00C04F79EFBC}") = "Core", "Core\Core.csproj", "{0C21AE78-FAF9-4FA8-892E-A5CF28C6672F}"
EndProject
Project("{FAE04EC0-301F-11D3-BF4B-00C04F79EFBC}") = "BusinessLogic", "BusinessLogic\BusinessLogic.csproj", "{45ACA421-AFAD-4E18-BA93-6F971A1BC9E7}"
EndProject
Project("{FAE04EC0-301F-11D3-BF4B-00C04F79EFBC}") = "API", "API\API.csproj", "{BA92A53E-5A5A-4C10-9342-44F20C86C5B1}"
EndProject
Global
	GlobalSection(SolutionConfigurationPlatforms) = preSolution
		Debug|Any CPU = Debug|Any CPU
		Release|Any CPU = Release|Any CPU
	EndGlobalSection
	GlobalSection(ProjectConfigurationPlatforms) = postSolution
		{0C21AE78-FAF9-4FA8-892E-A5CF28C6672F}.Debug|Any CPU.ActiveCfg = Debug|Any CPU
		{0C21AE78-FAF9-4FA8-892E-A5CF28C6672F}.Debug|Any CPU.Build.0 = Debug|Any CPU
		{0C21AE78-FAF9-4FA8-892E-A5CF28C6672F}.Release|Any CPU.ActiveCfg = Release|Any CPU
		{0C21AE78-FAF9-4FA8-892E-A5CF28C6672F}.Release|Any CPU.Build.0 = Release|Any CPU
		{45ACA421-AFAD-4E18-BA93-6F971A1BC9E7}.Debug|Any CPU.ActiveCfg = Debug|Any CPU
		{45ACA421-AFAD-4E18-BA93-6F971A1BC9E7}.Debug|Any CPU.Build.0 = Debug|Any CPU
		{45ACA421-AFAD-4E18-BA93-6F971A1BC9E7}.Release|Any CPU.ActiveCfg = Release|Any CPU
		{45ACA421-AFAD-4E18-BA93-6F971A1BC9E7}.Release|Any CPU.Build.0 = Release|Any CPU
		{BA92A53E-5A5A-4C10-9342-44F20C86C5B1}.Debug|Any CPU.ActiveCfg = Debug|Any CPU
		{BA92A53E-5A5A-4C10-9342-44F20C86C5B1}.Debug|Any CPU.Build.0 = Debug|Any CPU
		{BA92A53E-5A5A-4C10-9342-44F20C86C5B1}.Release|Any CPU.ActiveCfg = Release|Any CPU
		{BA92A53E-5A5A-4C10-9342-44F20C86C5B1}.Release|Any CPU.Build.0 = Release|Any CPU
	EndGlobalSection
	GlobalSection(SolutionProperties) = preSolution
		HideSolutionNode = FALSE
	EndGlobalSection
	GlobalSection(ExtensibilityGlobals) = postSolution
		SolutionGuid = {AF7B292C-5C01-4BAC-AA9A-6243B4A3B845}
	EndGlobalSection
EndGlobal
